
Microsoft Visual Studio Solution File, Format Version 12.00
# Visual Studio Version 17
VisualStudioVersion = 17.0.32112.339
MinimumVisualStudioVersion = 10.0.40219.1
Project("{9A19103F-16F7-4668-BE54-9A1E7A4F7556}") = "Template.Models", "Template.Models\Template.Models.csproj", "{4E63A433-64C9-47ED-8385-BC7AFABEC23A}"
EndProject
Project("{2150E333-8FDC-42A3-9474-1A3956D46DE8}") = "Solution Items", "Solution Items", "{CC90E624-404C-476F-BF50-AFFCF293B0FE}"
	ProjectSection(SolutionItems) = preProject
		README.md = README.md
	EndProjectSection
EndProject
Project("{9A19103F-16F7-4668-BE54-9A1E7A4F7556}") = "Template.BusinessLogic", "Template.Business\Template.BusinessLogic.csproj", "{0B5DB45E-37D6-47C2-9B20-BC49777D5343}"
EndProject
Project("{9A19103F-16F7-4668-BE54-9A1E7A4F7556}") = "Template.SqlProvisioning", "Template.SqlProvisioning\Template.SqlProvisioning.csproj", "{47B591B5-3D3C-44FF-97ED-3CAE14C4C432}"
EndProject
Project("{9A19103F-16F7-4668-BE54-9A1E7A4F7556}") = "Template.Common", "Template.Common\Template.Common.csproj", "{5F3A5976-AE28-4990-B28C-2B59EA01A1F3}"
EndProject
Project("{2150E333-8FDC-42A3-9474-1A3956D46DE8}") = "Pipelines", "Pipelines", "{3FE00210-19C1-469A-9C63-0A01E8DE50E2}"
	ProjectSection(SolutionItems) = preProject
		Pipelines\Azure Devops.yml = Pipelines\Azure Devops.yml
	EndProjectSection
EndProject
Project("{2150E333-8FDC-42A3-9474-1A3956D46DE8}") = "APIM", "APIM", "{C3987F8E-BCCD-4899-9182-93517ED0759F}"
	ProjectSection(SolutionItems) = preProject
		Apim\definition.yml = Apim\definition.yml
		Apim\policy.xml = Apim\policy.xml
		Apim\swagger.json = Apim\swagger.json
	EndProjectSection
EndProject
Project("{9A19103F-16F7-4668-BE54-9A1E7A4F7556}") = "Template.Service (AspNetCore)", "Template.Service (AspNetCore)\Template.Service (AspNetCore).csproj", "{2EC79C16-41E2-479D-889E-A26F65AAB3F8}"
EndProject
Project("{9A19103F-16F7-4668-BE54-9A1E7A4F7556}") = "Template.Service (AzureFunctions)", "Template.Service (AzureFunctions)\Template.Service (AzureFunctions).csproj", "{0687B4C8-ACE0-48A0-A17B-4449AB762DA8}"
EndProject
Project("{9A19103F-16F7-4668-BE54-9A1E7A4F7556}") = "Template.SqlDataAccess", "Template.SqlDataAccess\Template.SqlDataAccess.csproj", "{BF5F9B37-7643-4D3A-A2FE-6C8816C60ADC}"
EndProject
Project("{9A19103F-16F7-4668-BE54-9A1E7A4F7556}") = "Template.Helpers", "Template.Helpers\Template.Helpers.csproj", "{C630D8D4-236B-4FF1-BAC9-E01CBB09520F}"
EndProject
Project("{9A19103F-16F7-4668-BE54-9A1E7A4F7556}") = "Template.Service.Test (AzureFunctions)", "Template.Service.Test (AzureFunctions)\Template.Service.Test (AzureFunctions).csproj", "{E17AE35B-1129-4AE4-977E-DC8C0E30A5E5}"
EndProject
Project("{9A19103F-16F7-4668-BE54-9A1E7A4F7556}") = "Soli.IntranetService", "..\..\BCP\Soli Backend\Soli.IntranetService\Soli.IntranetService.csproj", "{C1115D03-EFEB-4D42-B472-9E7026BCA106}"
EndProject
Global
	GlobalSection(SolutionConfigurationPlatforms) = preSolution
		Debug|Any CPU = Debug|Any CPU
		Release|Any CPU = Release|Any CPU
	EndGlobalSection
	GlobalSection(ProjectConfigurationPlatforms) = postSolution
		{4E63A433-64C9-47ED-8385-BC7AFABEC23A}.Debug|Any CPU.ActiveCfg = Debug|Any CPU
		{4E63A433-64C9-47ED-8385-BC7AFABEC23A}.Debug|Any CPU.Build.0 = Debug|Any CPU
		{4E63A433-64C9-47ED-8385-BC7AFABEC23A}.Release|Any CPU.ActiveCfg = Release|Any CPU
		{4E63A433-64C9-47ED-8385-BC7AFABEC23A}.Release|Any CPU.Build.0 = Release|Any CPU
		{0B5DB45E-37D6-47C2-9B20-BC49777D5343}.Debug|Any CPU.ActiveCfg = Debug|Any CPU
		{0B5DB45E-37D6-47C2-9B20-BC49777D5343}.Debug|Any CPU.Build.0 = Debug|Any CPU
		{0B5DB45E-37D6-47C2-9B20-BC49777D5343}.Release|Any CPU.ActiveCfg = Release|Any CPU
		{0B5DB45E-37D6-47C2-9B20-BC49777D5343}.Release|Any CPU.Build.0 = Release|Any CPU
		{47B591B5-3D3C-44FF-97ED-3CAE14C4C432}.Debug|Any CPU.ActiveCfg = Debug|Any CPU
		{47B591B5-3D3C-44FF-97ED-3CAE14C4C432}.Debug|Any CPU.Build.0 = Debug|Any CPU
		{47B591B5-3D3C-44FF-97ED-3CAE14C4C432}.Release|Any CPU.ActiveCfg = Release|Any CPU
		{47B591B5-3D3C-44FF-97ED-3CAE14C4C432}.Release|Any CPU.Build.0 = Release|Any CPU
		{5F3A5976-AE28-4990-B28C-2B59EA01A1F3}.Debug|Any CPU.ActiveCfg = Debug|Any CPU
		{5F3A5976-AE28-4990-B28C-2B59EA01A1F3}.Debug|Any CPU.Build.0 = Debug|Any CPU
		{5F3A5976-AE28-4990-B28C-2B59EA01A1F3}.Release|Any CPU.ActiveCfg = Release|Any CPU
		{5F3A5976-AE28-4990-B28C-2B59EA01A1F3}.Release|Any CPU.Build.0 = Release|Any CPU
		{2EC79C16-41E2-479D-889E-A26F65AAB3F8}.Debug|Any CPU.ActiveCfg = Debug|Any CPU
		{2EC79C16-41E2-479D-889E-A26F65AAB3F8}.Debug|Any CPU.Build.0 = Debug|Any CPU
		{2EC79C16-41E2-479D-889E-A26F65AAB3F8}.Release|Any CPU.ActiveCfg = Release|Any CPU
		{2EC79C16-41E2-479D-889E-A26F65AAB3F8}.Release|Any CPU.Build.0 = Release|Any CPU
		{0687B4C8-ACE0-48A0-A17B-4449AB762DA8}.Debug|Any CPU.ActiveCfg = Debug|Any CPU
		{0687B4C8-ACE0-48A0-A17B-4449AB762DA8}.Debug|Any CPU.Build.0 = Debug|Any CPU
		{0687B4C8-ACE0-48A0-A17B-4449AB762DA8}.Release|Any CPU.ActiveCfg = Release|Any CPU
		{0687B4C8-ACE0-48A0-A17B-4449AB762DA8}.Release|Any CPU.Build.0 = Release|Any CPU
		{BF5F9B37-7643-4D3A-A2FE-6C8816C60ADC}.Debug|Any CPU.ActiveCfg = Debug|Any CPU
		{BF5F9B37-7643-4D3A-A2FE-6C8816C60ADC}.Debug|Any CPU.Build.0 = Debug|Any CPU
		{BF5F9B37-7643-4D3A-A2FE-6C8816C60ADC}.Release|Any CPU.ActiveCfg = Release|Any CPU
		{BF5F9B37-7643-4D3A-A2FE-6C8816C60ADC}.Release|Any CPU.Build.0 = Release|Any CPU
		{C630D8D4-236B-4FF1-BAC9-E01CBB09520F}.Debug|Any CPU.ActiveCfg = Debug|Any CPU
		{C630D8D4-236B-4FF1-BAC9-E01CBB09520F}.Debug|Any CPU.Build.0 = Debug|Any CPU
		{C630D8D4-236B-4FF1-BAC9-E01CBB09520F}.Release|Any CPU.ActiveCfg = Release|Any CPU
		{C630D8D4-236B-4FF1-BAC9-E01CBB09520F}.Release|Any CPU.Build.0 = Release|Any CPU
		{E17AE35B-1129-4AE4-977E-DC8C0E30A5E5}.Debug|Any CPU.ActiveCfg = Debug|Any CPU
		{E17AE35B-1129-4AE4-977E-DC8C0E30A5E5}.Debug|Any CPU.Build.0 = Debug|Any CPU
		{E17AE35B-1129-4AE4-977E-DC8C0E30A5E5}.Release|Any CPU.ActiveCfg = Release|Any CPU
		{E17AE35B-1129-4AE4-977E-DC8C0E30A5E5}.Release|Any CPU.Build.0 = Release|Any CPU
		{C1115D03-EFEB-4D42-B472-9E7026BCA106}.Debug|Any CPU.ActiveCfg = Debug|Any CPU
		{C1115D03-EFEB-4D42-B472-9E7026BCA106}.Debug|Any CPU.Build.0 = Debug|Any CPU
		{C1115D03-EFEB-4D42-B472-9E7026BCA106}.Release|Any CPU.ActiveCfg = Release|Any CPU
		{C1115D03-EFEB-4D42-B472-9E7026BCA106}.Release|Any CPU.Build.0 = Release|Any CPU
	EndGlobalSection
	GlobalSection(SolutionProperties) = preSolution
		HideSolutionNode = FALSE
	EndGlobalSection
	GlobalSection(ExtensibilityGlobals) = postSolution
		SolutionGuid = {9B9A5F55-9A39-406C-A174-14F32356A3C6}
	EndGlobalSection
EndGlobal
